// !$*UTF8*$!
{
	archiveVersion = 1;
	classes = {
	};
	objectVersion = 46;
	objects = {

/* Begin PBXBuildFile section */
		827B0BE87DBE9376DB928FB0 /* libPods.a in Frameworks */ = {isa = PBXBuildFile; fileRef = 96A295E5C0E4B7880F525977 /* libPods.a */; };
		8D07C24F19EE3C5E00E741E4 /* SVProgressHUD.bundle in Resources */ = {isa = PBXBuildFile; fileRef = 8D07C24C19EE3C5D00E741E4 /* SVProgressHUD.bundle */; };
		8D07C25019EE3C5E00E741E4 /* SVProgressHUD.m in Sources */ = {isa = PBXBuildFile; fileRef = 8D07C24E19EE3C5D00E741E4 /* SVProgressHUD.m */; };
		8D07C25119EE3C6700E741E4 /* QuartzCore.framework in Frameworks */ = {isa = PBXBuildFile; fileRef = 8D07C24819EE3B8B00E741E4 /* QuartzCore.framework */; };
		8D07C25219EEF70C00E741E4 /* Images.xcassets in Resources */ = {isa = PBXBuildFile; fileRef = 8D5BD83819ECD3330079CC84 /* Images.xcassets */; };
		8D11C94019ECF32600E76A39 /* MovieDetailedViewController.m in Sources */ = {isa = PBXBuildFile; fileRef = 8D11C93E19ECF32600E76A39 /* MovieDetailedViewController.m */; };
		8D11C94119ECF32600E76A39 /* MovieDetailedViewController.xib in Resources */ = {isa = PBXBuildFile; fileRef = 8D11C93F19ECF32600E76A39 /* MovieDetailedViewController.xib */; };
		8D5BD82E19ECD3330079CC84 /* main.m in Sources */ = {isa = PBXBuildFile; fileRef = 8D5BD82D19ECD3330079CC84 /* main.m */; };
		8D5BD83119ECD3330079CC84 /* AppDelegate.m in Sources */ = {isa = PBXBuildFile; fileRef = 8D5BD83019ECD3330079CC84 /* AppDelegate.m */; };
		8D5BD83419ECD3330079CC84 /* ViewController.m in Sources */ = {isa = PBXBuildFile; fileRef = 8D5BD83319ECD3330079CC84 /* ViewController.m */; };
		8D5BD83719ECD3330079CC84 /* Main.storyboard in Resources */ = {isa = PBXBuildFile; fileRef = 8D5BD83519ECD3330079CC84 /* Main.storyboard */; };
		8D5BD83C19ECD3330079CC84 /* LaunchScreen.xib in Resources */ = {isa = PBXBuildFile; fileRef = 8D5BD83A19ECD3330079CC84 /* LaunchScreen.xib */; };
		8D5BD84819ECD3330079CC84 /* RottenTomatoesDemoTests.m in Sources */ = {isa = PBXBuildFile; fileRef = 8D5BD84719ECD3330079CC84 /* RottenTomatoesDemoTests.m */; };
		8D5BD85419ECD4290079CC84 /* MoviesViewController.m in Sources */ = {isa = PBXBuildFile; fileRef = 8D5BD85219ECD4290079CC84 /* MoviesViewController.m */; };
		8D5BD85519ECD4290079CC84 /* MoviesViewController.xib in Resources */ = {isa = PBXBuildFile; fileRef = 8D5BD85319ECD4290079CC84 /* MoviesViewController.xib */; };
		8D5BD85919ECDA220079CC84 /* MovieCell.m in Sources */ = {isa = PBXBuildFile; fileRef = 8D5BD85719ECDA220079CC84 /* MovieCell.m */; };
		8D5BD85A19ECDA220079CC84 /* MovieCell.xib in Resources */ = {isa = PBXBuildFile; fileRef = 8D5BD85819ECDA220079CC84 /* MovieCell.xib */; };
		8D7CA82519EF830A00A1E0C9 /* MovieCollectionViewCell.m in Sources */ = {isa = PBXBuildFile; fileRef = 8D7CA82319EF830A00A1E0C9 /* MovieCollectionViewCell.m */; };
		8D7CA82619EF830A00A1E0C9 /* MovieCollectionViewCell.xib in Resources */ = {isa = PBXBuildFile; fileRef = 8D7CA82419EF830A00A1E0C9 /* MovieCollectionViewCell.xib */; };
/* End PBXBuildFile section */

/* Begin PBXContainerItemProxy section */
		8D5BD84219ECD3330079CC84 /* PBXContainerItemProxy */ = {
			isa = PBXContainerItemProxy;
			containerPortal = 8D5BD82019ECD3330079CC84 /* Project object */;
			proxyType = 1;
			remoteGlobalIDString = 8D5BD82719ECD3330079CC84;
			remoteInfo = RottenTomatoesDemo;
		};
/* End PBXContainerItemProxy section */

/* Begin PBXFileReference section */
		8D07C24819EE3B8B00E741E4 /* QuartzCore.framework */ = {isa = PBXFileReference; lastKnownFileType = wrapper.framework; name = QuartzCore.framework; path = System/Library/Frameworks/QuartzCore.framework; sourceTree = SDKROOT; };
		8D07C24B19EE3C5D00E741E4 /* SVProgressHUD-Prefix.pch */ = {isa = PBXFileReference; fileEncoding = 4; lastKnownFileType = sourcecode.c.h; path = "SVProgressHUD-Prefix.pch"; sourceTree = "<group>"; };
		8D07C24C19EE3C5D00E741E4 /* SVProgressHUD.bundle */ = {isa = PBXFileReference; lastKnownFileType = "wrapper.plug-in"; path = SVProgressHUD.bundle; sourceTree = "<group>"; };
		8D07C24D19EE3C5D00E741E4 /* SVProgressHUD.h */ = {isa = PBXFileReference; fileEncoding = 4; lastKnownFileType = sourcecode.c.h; path = SVProgressHUD.h; sourceTree = "<group>"; };
		8D07C24E19EE3C5D00E741E4 /* SVProgressHUD.m */ = {isa = PBXFileReference; fileEncoding = 4; lastKnownFileType = sourcecode.c.objc; path = SVProgressHUD.m; sourceTree = "<group>"; };
		8D11C93D19ECF32600E76A39 /* MovieDetailedViewController.h */ = {isa = PBXFileReference; fileEncoding = 4; lastKnownFileType = sourcecode.c.h; path = MovieDetailedViewController.h; sourceTree = "<group>"; };
		8D11C93E19ECF32600E76A39 /* MovieDetailedViewController.m */ = {isa = PBXFileReference; fileEncoding = 4; lastKnownFileType = sourcecode.c.objc; path = MovieDetailedViewController.m; sourceTree = "<group>"; };
		8D11C93F19ECF32600E76A39 /* MovieDetailedViewController.xib */ = {isa = PBXFileReference; fileEncoding = 4; lastKnownFileType = file.xib; path = MovieDetailedViewController.xib; sourceTree = "<group>"; };
		8D5BD82819ECD3330079CC84 /* RottenTomatoesDemo.app */ = {isa = PBXFileReference; explicitFileType = wrapper.application; includeInIndex = 0; path = RottenTomatoesDemo.app; sourceTree = BUILT_PRODUCTS_DIR; };
		8D5BD82C19ECD3330079CC84 /* Info.plist */ = {isa = PBXFileReference; lastKnownFileType = text.plist.xml; path = Info.plist; sourceTree = "<group>"; };
		8D5BD82D19ECD3330079CC84 /* main.m */ = {isa = PBXFileReference; lastKnownFileType = sourcecode.c.objc; path = main.m; sourceTree = "<group>"; };
		8D5BD82F19ECD3330079CC84 /* AppDelegate.h */ = {isa = PBXFileReference; lastKnownFileType = sourcecode.c.h; path = AppDelegate.h; sourceTree = "<group>"; };
		8D5BD83019ECD3330079CC84 /* AppDelegate.m */ = {isa = PBXFileReference; lastKnownFileType = sourcecode.c.objc; path = AppDelegate.m; sourceTree = "<group>"; };
		8D5BD83219ECD3330079CC84 /* ViewController.h */ = {isa = PBXFileReference; lastKnownFileType = sourcecode.c.h; path = ViewController.h; sourceTree = "<group>"; };
		8D5BD83319ECD3330079CC84 /* ViewController.m */ = {isa = PBXFileReference; lastKnownFileType = sourcecode.c.objc; path = ViewController.m; sourceTree = "<group>"; };
		8D5BD83619ECD3330079CC84 /* Base */ = {isa = PBXFileReference; lastKnownFileType = file.storyboard; name = Base; path = Base.lproj/Main.storyboard; sourceTree = "<group>"; };
		8D5BD83819ECD3330079CC84 /* Images.xcassets */ = {isa = PBXFileReference; lastKnownFileType = folder.assetcatalog; path = Images.xcassets; sourceTree = "<group>"; };
		8D5BD83B19ECD3330079CC84 /* Base */ = {isa = PBXFileReference; lastKnownFileType = file.xib; name = Base; path = Base.lproj/LaunchScreen.xib; sourceTree = "<group>"; };
		8D5BD84119ECD3330079CC84 /* RottenTomatoesDemoTests.xctest */ = {isa = PBXFileReference; explicitFileType = wrapper.cfbundle; includeInIndex = 0; path = RottenTomatoesDemoTests.xctest; sourceTree = BUILT_PRODUCTS_DIR; };
		8D5BD84619ECD3330079CC84 /* Info.plist */ = {isa = PBXFileReference; lastKnownFileType = text.plist.xml; path = Info.plist; sourceTree = "<group>"; };
		8D5BD84719ECD3330079CC84 /* RottenTomatoesDemoTests.m */ = {isa = PBXFileReference; lastKnownFileType = sourcecode.c.objc; path = RottenTomatoesDemoTests.m; sourceTree = "<group>"; };
		8D5BD85119ECD4290079CC84 /* MoviesViewController.h */ = {isa = PBXFileReference; fileEncoding = 4; lastKnownFileType = sourcecode.c.h; path = MoviesViewController.h; sourceTree = "<group>"; };
		8D5BD85219ECD4290079CC84 /* MoviesViewController.m */ = {isa = PBXFileReference; fileEncoding = 4; lastKnownFileType = sourcecode.c.objc; path = MoviesViewController.m; sourceTree = "<group>"; };
		8D5BD85319ECD4290079CC84 /* MoviesViewController.xib */ = {isa = PBXFileReference; fileEncoding = 4; lastKnownFileType = file.xib; path = MoviesViewController.xib; sourceTree = "<group>"; };
		8D5BD85619ECDA220079CC84 /* MovieCell.h */ = {isa = PBXFileReference; fileEncoding = 4; lastKnownFileType = sourcecode.c.h; path = MovieCell.h; sourceTree = "<group>"; };
		8D5BD85719ECDA220079CC84 /* MovieCell.m */ = {isa = PBXFileReference; fileEncoding = 4; lastKnownFileType = sourcecode.c.objc; path = MovieCell.m; sourceTree = "<group>"; };
		8D5BD85819ECDA220079CC84 /* MovieCell.xib */ = {isa = PBXFileReference; fileEncoding = 4; lastKnownFileType = file.xib; path = MovieCell.xib; sourceTree = "<group>"; };
		8D7CA82219EF830A00A1E0C9 /* MovieCollectionViewCell.h */ = {isa = PBXFileReference; fileEncoding = 4; lastKnownFileType = sourcecode.c.h; path = MovieCollectionViewCell.h; sourceTree = "<group>"; };
		8D7CA82319EF830A00A1E0C9 /* MovieCollectionViewCell.m */ = {isa = PBXFileReference; fileEncoding = 4; lastKnownFileType = sourcecode.c.objc; path = MovieCollectionViewCell.m; sourceTree = "<group>"; };
		8D7CA82419EF830A00A1E0C9 /* MovieCollectionViewCell.xib */ = {isa = PBXFileReference; fileEncoding = 4; lastKnownFileType = file.xib; path = MovieCollectionViewCell.xib; sourceTree = "<group>"; };
		8F88ABD9B86C0911FC067B33 /* Pods.debug.xcconfig */ = {isa = PBXFileReference; includeInIndex = 1; lastKnownFileType = text.xcconfig; name = Pods.debug.xcconfig; path = "Pods/Target Support Files/Pods/Pods.debug.xcconfig"; sourceTree = "<group>"; };
		96A295E5C0E4B7880F525977 /* libPods.a */ = {isa = PBXFileReference; explicitFileType = archive.ar; includeInIndex = 0; path = libPods.a; sourceTree = BUILT_PRODUCTS_DIR; };
		D090462F309ADF6A1D23B93A /* Pods.release.xcconfig */ = {isa = PBXFileReference; includeInIndex = 1; lastKnownFileType = text.xcconfig; name = Pods.release.xcconfig; path = "Pods/Target Support Files/Pods/Pods.release.xcconfig"; sourceTree = "<group>"; };
/* End PBXFileReference section */

/* Begin PBXFrameworksBuildPhase section */
		8D5BD82519ECD3330079CC84 /* Frameworks */ = {
			isa = PBXFrameworksBuildPhase;
			buildActionMask = 2147483647;
			files = (
				8D07C25119EE3C6700E741E4 /* QuartzCore.framework in Frameworks */,
				827B0BE87DBE9376DB928FB0 /* libPods.a in Frameworks */,
			);
			runOnlyForDeploymentPostprocessing = 0;
		};
		8D5BD83E19ECD3330079CC84 /* Frameworks */ = {
			isa = PBXFrameworksBuildPhase;
			buildActionMask = 2147483647;
			files = (
			);
			runOnlyForDeploymentPostprocessing = 0;
		};
/* End PBXFrameworksBuildPhase section */

/* Begin PBXGroup section */
		250481E630631122A3860083 /* Pods */ = {
			isa = PBXGroup;
			children = (
				8F88ABD9B86C0911FC067B33 /* Pods.debug.xcconfig */,
				D090462F309ADF6A1D23B93A /* Pods.release.xcconfig */,
			);
			name = Pods;
			sourceTree = "<group>";
		};
		41A7ACAFB2D1A1F7018BBC7B /* Frameworks */ = {
			isa = PBXGroup;
			children = (
				8D07C24819EE3B8B00E741E4 /* QuartzCore.framework */,
				96A295E5C0E4B7880F525977 /* libPods.a */,
			);
			name = Frameworks;
			sourceTree = "<group>";
		};
		8D07C24A19EE3C5D00E741E4 /* SVProgressHUD */ = {
			isa = PBXGroup;
			children = (
				8D07C24B19EE3C5D00E741E4 /* SVProgressHUD-Prefix.pch */,
				8D07C24C19EE3C5D00E741E4 /* SVProgressHUD.bundle */,
				8D07C24D19EE3C5D00E741E4 /* SVProgressHUD.h */,
				8D07C24E19EE3C5D00E741E4 /* SVProgressHUD.m */,
			);
			path = SVProgressHUD;
			sourceTree = "<group>";
		};
		8D5BD81F19ECD3330079CC84 = {
			isa = PBXGroup;
			children = (
				8D5BD82A19ECD3330079CC84 /* RottenTomatoesDemo */,
				8D5BD84419ECD3330079CC84 /* RottenTomatoesDemoTests */,
				8D5BD82919ECD3330079CC84 /* Products */,
				250481E630631122A3860083 /* Pods */,
				41A7ACAFB2D1A1F7018BBC7B /* Frameworks */,
			);
			sourceTree = "<group>";
		};
		8D5BD82919ECD3330079CC84 /* Products */ = {
			isa = PBXGroup;
			children = (
				8D5BD82819ECD3330079CC84 /* RottenTomatoesDemo.app */,
				8D5BD84119ECD3330079CC84 /* RottenTomatoesDemoTests.xctest */,
			);
			name = Products;
			sourceTree = "<group>";
		};
		8D5BD82A19ECD3330079CC84 /* RottenTomatoesDemo */ = {
			isa = PBXGroup;
			children = (
				8D07C24A19EE3C5D00E741E4 /* SVProgressHUD */,
				8D5BD82F19ECD3330079CC84 /* AppDelegate.h */,
				8D5BD83019ECD3330079CC84 /* AppDelegate.m */,
				8D5BD83219ECD3330079CC84 /* ViewController.h */,
				8D5BD83319ECD3330079CC84 /* ViewController.m */,
				8D5BD83519ECD3330079CC84 /* Main.storyboard */,
				8D5BD83819ECD3330079CC84 /* Images.xcassets */,
				8D5BD83A19ECD3330079CC84 /* LaunchScreen.xib */,
				8D5BD82B19ECD3330079CC84 /* Supporting Files */,
				8D5BD85119ECD4290079CC84 /* MoviesViewController.h */,
				8D5BD85219ECD4290079CC84 /* MoviesViewController.m */,
				8D5BD85319ECD4290079CC84 /* MoviesViewController.xib */,
				8D5BD85619ECDA220079CC84 /* MovieCell.h */,
				8D5BD85719ECDA220079CC84 /* MovieCell.m */,
				8D5BD85819ECDA220079CC84 /* MovieCell.xib */,
				8D11C93D19ECF32600E76A39 /* MovieDetailedViewController.h */,
				8D11C93E19ECF32600E76A39 /* MovieDetailedViewController.m */,
				8D11C93F19ECF32600E76A39 /* MovieDetailedViewController.xib */,
				8D7CA82219EF830A00A1E0C9 /* MovieCollectionViewCell.h */,
				8D7CA82319EF830A00A1E0C9 /* MovieCollectionViewCell.m */,
				8D7CA82419EF830A00A1E0C9 /* MovieCollectionViewCell.xib */,
			);
			path = RottenTomatoesDemo;
			sourceTree = "<group>";
		};
		8D5BD82B19ECD3330079CC84 /* Supporting Files */ = {
			isa = PBXGroup;
			children = (
				8D5BD82C19ECD3330079CC84 /* Info.plist */,
				8D5BD82D19ECD3330079CC84 /* main.m */,
			);
			name = "Supporting Files";
			sourceTree = "<group>";
		};
		8D5BD84419ECD3330079CC84 /* RottenTomatoesDemoTests */ = {
			isa = PBXGroup;
			children = (
				8D5BD84719ECD3330079CC84 /* RottenTomatoesDemoTests.m */,
				8D5BD84519ECD3330079CC84 /* Supporting Files */,
			);
			path = RottenTomatoesDemoTests;
			sourceTree = "<group>";
		};
		8D5BD84519ECD3330079CC84 /* Supporting Files */ = {
			isa = PBXGroup;
			children = (
				8D5BD84619ECD3330079CC84 /* Info.plist */,
			);
			name = "Supporting Files";
			sourceTree = "<group>";
		};
/* End PBXGroup section */

/* Begin PBXNativeTarget section */
		8D5BD82719ECD3330079CC84 /* RottenTomatoesDemo */ = {
			isa = PBXNativeTarget;
			buildConfigurationList = 8D5BD84B19ECD3330079CC84 /* Build configuration list for PBXNativeTarget "RottenTomatoesDemo" */;
			buildPhases = (
				7430B88309DB119CDFB0D0A3 /* Check Pods Manifest.lock */,
				8D5BD82419ECD3330079CC84 /* Sources */,
				8D5BD82519ECD3330079CC84 /* Frameworks */,
				8D5BD82619ECD3330079CC84 /* Resources */,
				2B379F33D8F841E023D66E16 /* Copy Pods Resources */,
			);
			buildRules = (
			);
			dependencies = (
			);
			name = RottenTomatoesDemo;
			productName = RottenTomatoesDemo;
			productReference = 8D5BD82819ECD3330079CC84 /* RottenTomatoesDemo.app */;
			productType = "com.apple.product-type.application";
		};
		8D5BD84019ECD3330079CC84 /* RottenTomatoesDemoTests */ = {
			isa = PBXNativeTarget;
			buildConfigurationList = 8D5BD84E19ECD3330079CC84 /* Build configuration list for PBXNativeTarget "RottenTomatoesDemoTests" */;
			buildPhases = (
				8D5BD83D19ECD3330079CC84 /* Sources */,
				8D5BD83E19ECD3330079CC84 /* Frameworks */,
				8D5BD83F19ECD3330079CC84 /* Resources */,
			);
			buildRules = (
			);
			dependencies = (
				8D5BD84319ECD3330079CC84 /* PBXTargetDependency */,
			);
			name = RottenTomatoesDemoTests;
			productName = RottenTomatoesDemoTests;
			productReference = 8D5BD84119ECD3330079CC84 /* RottenTomatoesDemoTests.xctest */;
			productType = "com.apple.product-type.bundle.unit-test";
		};
/* End PBXNativeTarget section */

/* Begin PBXProject section */
		8D5BD82019ECD3330079CC84 /* Project object */ = {
			isa = PBXProject;
			attributes = {
				LastUpgradeCheck = 0600;
				ORGANIZATIONNAME = "Vi Po";
				TargetAttributes = {
					8D5BD82719ECD3330079CC84 = {
						CreatedOnToolsVersion = 6.0.1;
						DevelopmentTeam = V9WTTPBFK9;
					};
					8D5BD84019ECD3330079CC84 = {
						CreatedOnToolsVersion = 6.0.1;
						TestTargetID = 8D5BD82719ECD3330079CC84;
					};
				};
			};
			buildConfigurationList = 8D5BD82319ECD3330079CC84 /* Build configuration list for PBXProject "RottenTomatoesDemo" */;
			compatibilityVersion = "Xcode 3.2";
			developmentRegion = English;
			hasScannedForEncodings = 0;
			knownRegions = (
				en,
				Base,
			);
			mainGroup = 8D5BD81F19ECD3330079CC84;
			productRefGroup = 8D5BD82919ECD3330079CC84 /* Products */;
			projectDirPath = "";
			projectRoot = "";
			targets = (
				8D5BD82719ECD3330079CC84 /* RottenTomatoesDemo */,
				8D5BD84019ECD3330079CC84 /* RottenTomatoesDemoTests */,
			);
		};
/* End PBXProject section */

/* Begin PBXResourcesBuildPhase section */
		8D5BD82619ECD3330079CC84 /* Resources */ = {
			isa = PBXResourcesBuildPhase;
			buildActionMask = 2147483647;
			files = (
				8D5BD83719ECD3330079CC84 /* Main.storyboard in Resources */,
				8D07C24F19EE3C5E00E741E4 /* SVProgressHUD.bundle in Resources */,
				8D07C25219EEF70C00E741E4 /* Images.xcassets in Resources */,
				8D7CA82619EF830A00A1E0C9 /* MovieCollectionViewCell.xib in Resources */,
				8D11C94119ECF32600E76A39 /* MovieDetailedViewController.xib in Resources */,
				8D5BD83C19ECD3330079CC84 /* LaunchScreen.xib in Resources */,
				8D5BD85519ECD4290079CC84 /* MoviesViewController.xib in Resources */,
				8D5BD85A19ECDA220079CC84 /* MovieCell.xib in Resources */,
			);
			runOnlyForDeploymentPostprocessing = 0;
		};
		8D5BD83F19ECD3330079CC84 /* Resources */ = {
			isa = PBXResourcesBuildPhase;
			buildActionMask = 2147483647;
			files = (
			);
			runOnlyForDeploymentPostprocessing = 0;
		};
/* End PBXResourcesBuildPhase section */

/* Begin PBXShellScriptBuildPhase section */
		2B379F33D8F841E023D66E16 /* Copy Pods Resources */ = {
			isa = PBXShellScriptBuildPhase;
			buildActionMask = 2147483647;
			files = (
			);
			inputPaths = (
			);
			name = "Copy Pods Resources";
			outputPaths = (
			);
			runOnlyForDeploymentPostprocessing = 0;
			shellPath = /bin/sh;
			shellScript = "\"${SRCROOT}/Pods/Target Support Files/Pods/Pods-resources.sh\"\n";
			showEnvVarsInLog = 0;
		};
		7430B88309DB119CDFB0D0A3 /* Check Pods Manifest.lock */ = {
			isa = PBXShellScriptBuildPhase;
			buildActionMask = 2147483647;
			files = (
			);
			inputPaths = (
			);
			name = "Check Pods Manifest.lock";
			outputPaths = (
			);
			runOnlyForDeploymentPostprocessing = 0;
			shellPath = /bin/sh;
			shellScript = "diff \"${PODS_ROOT}/../Podfile.lock\" \"${PODS_ROOT}/Manifest.lock\" > /dev/null\nif [[ $? != 0 ]] ; then\n    cat << EOM\nerror: The sandbox is not in sync with the Podfile.lock. Run 'pod install' or update your CocoaPods installation.\nEOM\n    exit 1\nfi\n";
			showEnvVarsInLog = 0;
		};
/* End PBXShellScriptBuildPhase section */

/* Begin PBXSourcesBuildPhase section */
		8D5BD82419ECD3330079CC84 /* Sources */ = {
			isa = PBXSourcesBuildPhase;
			buildActionMask = 2147483647;
			files = (
				8D5BD83419ECD3330079CC84 /* ViewController.m in Sources */,
				8D5BD85919ECDA220079CC84 /* MovieCell.m in Sources */,
				8D5BD83119ECD3330079CC84 /* AppDelegate.m in Sources */,
				8D7CA82519EF830A00A1E0C9 /* MovieCollectionViewCell.m in Sources */,
				8D07C25019EE3C5E00E741E4 /* SVProgressHUD.m in Sources */,
				8D5BD82E19ECD3330079CC84 /* main.m in Sources */,
				8D5BD85419ECD4290079CC84 /* MoviesViewController.m in Sources */,
				8D11C94019ECF32600E76A39 /* MovieDetailedViewController.m in Sources */,
			);
			runOnlyForDeploymentPostprocessing = 0;
		};
		8D5BD83D19ECD3330079CC84 /* Sources */ = {
			isa = PBXSourcesBuildPhase;
			buildActionMask = 2147483647;
			files = (
				8D5BD84819ECD3330079CC84 /* RottenTomatoesDemoTests.m in Sources */,
			);
			runOnlyForDeploymentPostprocessing = 0;
		};
/* End PBXSourcesBuildPhase section */

/* Begin PBXTargetDependency section */
		8D5BD84319ECD3330079CC84 /* PBXTargetDependency */ = {
			isa = PBXTargetDependency;
			target = 8D5BD82719ECD3330079CC84 /* RottenTomatoesDemo */;
			targetProxy = 8D5BD84219ECD3330079CC84 /* PBXContainerItemProxy */;
		};
/* End PBXTargetDependency section */

/* Begin PBXVariantGroup section */
		8D5BD83519ECD3330079CC84 /* Main.storyboard */ = {
			isa = PBXVariantGroup;
			children = (
				8D5BD83619ECD3330079CC84 /* Base */,
			);
			name = Main.storyboard;
			sourceTree = "<group>";
		};
		8D5BD83A19ECD3330079CC84 /* LaunchScreen.xib */ = {
			isa = PBXVariantGroup;
			children = (
				8D5BD83B19ECD3330079CC84 /* Base */,
			);
			name = LaunchScreen.xib;
			sourceTree = "<group>";
		};
/* End PBXVariantGroup section */

/* Begin XCBuildConfiguration section */
		8D5BD84919ECD3330079CC84 /* Debug */ = {
			isa = XCBuildConfiguration;
			buildSettings = {
				ALWAYS_SEARCH_USER_PATHS = NO;
				CLANG_CXX_LANGUAGE_STANDARD = "gnu++0x";
				CLANG_CXX_LIBRARY = "libc++";
				CLANG_ENABLE_MODULES = YES;
				CLANG_ENABLE_OBJC_ARC = YES;
				CLANG_WARN_BOOL_CONVERSION = YES;
				CLANG_WARN_CONSTANT_CONVERSION = YES;
				CLANG_WARN_DIRECT_OBJC_ISA_USAGE = YES_ERROR;
				CLANG_WARN_EMPTY_BODY = YES;
				CLANG_WARN_ENUM_CONVERSION = YES;
				CLANG_WARN_INT_CONVERSION = YES;
				CLANG_WARN_OBJC_ROOT_CLASS = YES_ERROR;
				CLANG_WARN_UNREACHABLE_CODE = YES;
				CLANG_WARN__DUPLICATE_METHOD_MATCH = YES;
				"CODE_SIGN_IDENTITY[sdk=iphoneos*]" = "iPhone Developer";
				COPY_PHASE_STRIP = NO;
				ENABLE_STRICT_OBJC_MSGSEND = YES;
				GCC_C_LANGUAGE_STANDARD = gnu99;
				GCC_DYNAMIC_NO_PIC = NO;
				GCC_OPTIMIZATION_LEVEL = 0;
				GCC_PREPROCESSOR_DEFINITIONS = (
					"DEBUG=1",
					"$(inherited)",
				);
				GCC_SYMBOLS_PRIVATE_EXTERN = NO;
				GCC_WARN_64_TO_32_BIT_CONVERSION = YES;
				GCC_WARN_ABOUT_RETURN_TYPE = YES_ERROR;
				GCC_WARN_UNDECLARED_SELECTOR = YES;
				GCC_WARN_UNINITIALIZED_AUTOS = YES_AGGRESSIVE;
				GCC_WARN_UNUSED_FUNCTION = YES;
				GCC_WARN_UNUSED_VARIABLE = YES;
				IPHONEOS_DEPLOYMENT_TARGET = 8.0;
				MTL_ENABLE_DEBUG_INFO = YES;
				ONLY_ACTIVE_ARCH = YES;
				SDKROOT = iphoneos;
			};
			name = Debug;
		};
		8D5BD84A19ECD3330079CC84 /* Release */ = {
			isa = XCBuildConfiguration;
			buildSettings = {
				ALWAYS_SEARCH_USER_PATHS = NO;
				CLANG_CXX_LANGUAGE_STANDARD = "gnu++0x";
				CLANG_CXX_LIBRARY = "libc++";
				CLANG_ENABLE_MODULES = YES;
				CLANG_ENABLE_OBJC_ARC = YES;
				CLANG_WARN_BOOL_CONVERSION = YES;
				CLANG_WARN_CONSTANT_CONVERSION = YES;
				CLANG_WARN_DIRECT_OBJC_ISA_USAGE = YES_ERROR;
				CLANG_WARN_EMPTY_BODY = YES;
				CLANG_WARN_ENUM_CONVERSION = YES;
				CLANG_WARN_INT_CONVERSION = YES;
				CLANG_WARN_OBJC_ROOT_CLASS = YES_ERROR;
				CLANG_WARN_UNREACHABLE_CODE = YES;
				CLANG_WARN__DUPLICATE_METHOD_MATCH = YES;
				"CODE_SIGN_IDENTITY[sdk=iphoneos*]" = "iPhone Developer";
				COPY_PHASE_STRIP = YES;
				ENABLE_NS_ASSERTIONS = NO;
				ENABLE_STRICT_OBJC_MSGSEND = YES;
				GCC_C_LANGUAGE_STANDARD = gnu99;
				GCC_WARN_64_TO_32_BIT_CONVERSION = YES;
				GCC_WARN_ABOUT_RETURN_TYPE = YES_ERROR;
				GCC_WARN_UNDECLARED_SELECTOR = YES;
				GCC_WARN_UNINITIALIZED_AUTOS = YES_AGGRESSIVE;
				GCC_WARN_UNUSED_FUNCTION = YES;
				GCC_WARN_UNUSED_VARIABLE = YES;
				IPHONEOS_DEPLOYMENT_TARGET = 8.0;
				MTL_ENABLE_DEBUG_INFO = NO;
				SDKROOT = iphoneos;
				VALIDATE_PRODUCT = YES;
			};
			name = Release;
		};
		8D5BD84C19ECD3330079CC84 /* Debug */ = {
			isa = XCBuildConfiguration;
			baseConfigurationReference = 8F88ABD9B86C0911FC067B33 /* Pods.debug.xcconfig */;
			buildSettings = {
				ASSETCATALOG_COMPILER_APPICON_NAME = AppIcon;
				ASSETCATALOG_COMPILER_LAUNCHIMAGE_NAME = LaunchImage;
				INFOPLIST_FILE = RottenTomatoesDemo/Info.plist;
				LD_RUNPATH_SEARCH_PATHS = "$(inherited) @executable_path/Frameworks";
				PRODUCT_NAME = "$(TARGET_NAME)";
			};
			name = Debug;
		};
		8D5BD84D19ECD3330079CC84 /* Release */ = {
			isa = XCBuildConfiguration;
			baseConfigurationReference = D090462F309ADF6A1D23B93A /* Pods.release.xcconfig */;
			buildSettings = {
				ASSETCATALOG_COMPILER_APPICON_NAME = AppIcon;
				ASSETCATALOG_COMPILER_LAUNCHIMAGE_NAME = LaunchImage;
				INFOPLIST_FILE = RottenTomatoesDemo/Info.plist;
				LD_RUNPATH_SEARCH_PATHS = "$(inherited) @executable_path/Frameworks";
				PRODUCT_NAME = "$(TARGET_NAME)";
			};
			name = Release;
		};
		8D5BD84F19ECD3330079CC84 /* Debug */ = {
			isa = XCBuildConfiguration;
			buildSettings = {
				BUNDLE_LOADER = "$(TEST_HOST)";
				FRAMEWORK_SEARCH_PATHS = (
					"$(SDKROOT)/Developer/Library/Frameworks",
					"$(inherited)",
				);
				GCC_PREPROCESSOR_DEFINITIONS = (
					"DEBUG=1",
					"$(inherited)",
				);
				INFOPLIST_FILE = RottenTomatoesDemoTests/Info.plist;
				LD_RUNPATH_SEARCH_PATHS = "$(inherited) @executable_path/Frameworks @loader_path/Frameworks";
				PRODUCT_NAME = "$(TARGET_NAME)";
				TEST_HOST = "$(BUILT_PRODUCTS_DIR)/RottenTomatoesDemo.app/RottenTomatoesDemo";
			};
			name = Debug;
		};
		8D5BD85019ECD3330079CC84 /* Release */ = {
			isa = XCBuildConfiguration;
			buildSettings = {
				BUNDLE_LOADER = "$(TEST_HOST)";
				FRAMEWORK_SEARCH_PATHS = (
					"$(SDKROOT)/Developer/Library/Frameworks",
					"$(inherited)",
				);
				INFOPLIST_FILE = RottenTomatoesDemoTests/Info.plist;
				LD_RUNPATH_SEARCH_PATHS = "$(inherited) @executable_path/Frameworks @loader_path/Frameworks";
				PRODUCT_NAME = "$(TARGET_NAME)";
				TEST_HOST = "$(BUILT_PRODUCTS_DIR)/RottenTomatoesDemo.app/RottenTomatoesDemo";
			};
			name = Release;
		};
/* End XCBuildConfiguration section */

/* Begin XCConfigurationList section */
		8D5BD82319ECD3330079CC84 /* Build configuration list for PBXProject "RottenTomatoesDemo" */ = {
			isa = XCConfigurationList;
			buildConfigurations = (
				8D5BD84919ECD3330079CC84 /* Debug */,
				8D5BD84A19ECD3330079CC84 /* Release */,
			);
			defaultConfigurationIsVisible = 0;
			defaultConfigurationName = Release;
		};
		8D5BD84B19ECD3330079CC84 /* Build configuration list for PBXNativeTarget "RottenTomatoesDemo" */ = {
			isa = XCConfigurationList;
			buildConfigurations = (
				8D5BD84C19ECD3330079CC84 /* Debug */,
				8D5BD84D19ECD3330079CC84 /* Release */,
			);
			defaultConfigurationIsVisible = 0;
			defaultConfigurationName = Release;
		};
		8D5BD84E19ECD3330079CC84 /* Build configuration list for PBXNativeTarget "RottenTomatoesDemoTests" */ = {
			isa = XCConfigurationList;
			buildConfigurations = (
				8D5BD84F19ECD3330079CC84 /* Debug */,
				8D5BD85019ECD3330079CC84 /* Release */,
			);
			defaultConfigurationIsVisible = 0;
			defaultConfigurationName = Release;
		};
/* End XCConfigurationList section */
	};
	rootObject = 8D5BD82019ECD3330079CC84 /* Project object */;
}
